
Microsoft Visual Studio Solution File, Format Version 12.00
# Visual Studio Version 16
VisualStudioVersion = 16.0.29519.181
MinimumVisualStudioVersion = 10.0.40219.1
Project("{FAE04EC0-301F-11D3-BF4B-00C04F79EFBC}") = "Pizza", "Pizza\Pizza.csproj", "{C1F0B393-F714-431B-B283-2D05430A1E3C}"
EndProject
Global
	GlobalSection(SolutionConfigurationPlatforms) = preSolution
		Debug|Any CPU = Debug|Any CPU
		Release|Any CPU = Release|Any CPU
	EndGlobalSection
	GlobalSection(ProjectConfigurationPlatforms) = postSolution
		{C1F0B393-F714-431B-B283-2D05430A1E3C}.Debug|Any CPU.ActiveCfg = Debug|Any CPU
		{C1F0B393-F714-431B-B283-2D05430A1E3C}.Debug|Any CPU.Build.0 = Debug|Any CPU
		{C1F0B393-F714-431B-B283-2D05430A1E3C}.Release|Any CPU.ActiveCfg = Release|Any CPU
		{C1F0B393-F714-431B-B283-2D05430A1E3C}.Release|Any CPU.Build.0 = Release|Any CPU
	EndGlobalSection
	GlobalSection(SolutionProperties) = preSolution
		HideSolutionNode = FALSE
	EndGlobalSection
	GlobalSection(ExtensibilityGlobals) = postSolution
		SolutionGuid = {26146D65-7DAD-41CE-90B4-87DCBDFA1F61}
	EndGlobalSection
EndGlobal
